
Microsoft Visual Studio Solution File, Format Version 12.00
# Visual Studio Version 17
VisualStudioVersion = 17.9.34728.123
MinimumVisualStudioVersion = 10.0.40219.1
Project("{FAE04EC0-301F-11D3-BF4B-00C04F79EFBC}") = "DemaConsulting.SpdxTool", "src\DemaConsulting.SpdxTool\DemaConsulting.SpdxTool.csproj", "{3231A254-F367-475B-8386-AE4B613AFC28}"
EndProject
Project("{FAE04EC0-301F-11D3-BF4B-00C04F79EFBC}") = "DemaConsulting.SpdxTool.Tests", "test\DemaConsulting.SpdxTool.Tests\DemaConsulting.SpdxTool.Tests.csproj", "{96983F4D-6AE0-406E-902D-72E0BBE45836}"
EndProject
Global
	GlobalSection(SolutionConfigurationPlatforms) = preSolution
		Debug|Any CPU = Debug|Any CPU
		Release|Any CPU = Release|Any CPU
	EndGlobalSection
	GlobalSection(ProjectConfigurationPlatforms) = postSolution
		{3231A254-F367-475B-8386-AE4B613AFC28}.Debug|Any CPU.ActiveCfg = Debug|Any CPU
		{3231A254-F367-475B-8386-AE4B613AFC28}.Debug|Any CPU.Build.0 = Debug|Any CPU
		{3231A254-F367-475B-8386-AE4B613AFC28}.Release|Any CPU.ActiveCfg = Release|Any CPU
		{3231A254-F367-475B-8386-AE4B613AFC28}.Release|Any CPU.Build.0 = Release|Any CPU
		{96983F4D-6AE0-406E-902D-72E0BBE45836}.Debug|Any CPU.ActiveCfg = Debug|Any CPU
		{96983F4D-6AE0-406E-902D-72E0BBE45836}.Debug|Any CPU.Build.0 = Debug|Any CPU
		{96983F4D-6AE0-406E-902D-72E0BBE45836}.Release|Any CPU.ActiveCfg = Release|Any CPU
		{96983F4D-6AE0-406E-902D-72E0BBE45836}.Release|Any CPU.Build.0 = Release|Any CPU
	EndGlobalSection
	GlobalSection(SolutionProperties) = preSolution
		HideSolutionNode = FALSE
	EndGlobalSection
	GlobalSection(ExtensibilityGlobals) = postSolution
		SolutionGuid = {F6D4206D-4B21-460F-8294-31CC7706873A}
	EndGlobalSection
EndGlobal
